
Microsoft Visual Studio Solution File, Format Version 12.00
# Visual Studio Version 17
VisualStudioVersion = 17.4.33122.133
MinimumVisualStudioVersion = 10.0.40219.1
Project("{FAE04EC0-301F-11D3-BF4B-00C04F79EFBC}") = "Array_Sum_Of_Elements", "Array_Sum_Of_Elements\Array_Sum_Of_Elements.csproj", "{2D094B87-DE64-4232-BBCF-0640B63BD1FD}"
EndProject
Global
	GlobalSection(SolutionConfigurationPlatforms) = preSolution
		Debug|Any CPU = Debug|Any CPU
		Release|Any CPU = Release|Any CPU
	EndGlobalSection
	GlobalSection(ProjectConfigurationPlatforms) = postSolution
		{2D094B87-DE64-4232-BBCF-0640B63BD1FD}.Debug|Any CPU.ActiveCfg = Debug|Any CPU
		{2D094B87-DE64-4232-BBCF-0640B63BD1FD}.Debug|Any CPU.Build.0 = Debug|Any CPU
		{2D094B87-DE64-4232-BBCF-0640B63BD1FD}.Release|Any CPU.ActiveCfg = Release|Any CPU
		{2D094B87-DE64-4232-BBCF-0640B63BD1FD}.Release|Any CPU.Build.0 = Release|Any CPU
	EndGlobalSection
	GlobalSection(SolutionProperties) = preSolution
		HideSolutionNode = FALSE
	EndGlobalSection
	GlobalSection(ExtensibilityGlobals) = postSolution
		SolutionGuid = {0A4413E2-0FC0-4759-95DE-36B081AE0830}
	EndGlobalSection
EndGlobal
