
Microsoft Visual Studio Solution File, Format Version 12.00
# Visual Studio Version 16
VisualStudioVersion = 16.0.32510.428
MinimumVisualStudioVersion = 10.0.40219.1
Project("{FAE04EC0-301F-11D3-BF4B-00C04F79EFBC}") = "Array_Unsorted_Union_Dictionary", "Array_Unsorted_Union_Dictionary\Array_Unsorted_Union_Dictionary.csproj", "{AE1FB1F7-6CB6-4FDA-89B1-4D48641E64A1}"
EndProject
Global
	GlobalSection(SolutionConfigurationPlatforms) = preSolution
		Debug|Any CPU = Debug|Any CPU
		Release|Any CPU = Release|Any CPU
	EndGlobalSection
	GlobalSection(ProjectConfigurationPlatforms) = postSolution
		{AE1FB1F7-6CB6-4FDA-89B1-4D48641E64A1}.Debug|Any CPU.ActiveCfg = Debug|Any CPU
		{AE1FB1F7-6CB6-4FDA-89B1-4D48641E64A1}.Debug|Any CPU.Build.0 = Debug|Any CPU
		{AE1FB1F7-6CB6-4FDA-89B1-4D48641E64A1}.Release|Any CPU.ActiveCfg = Release|Any CPU
		{AE1FB1F7-6CB6-4FDA-89B1-4D48641E64A1}.Release|Any CPU.Build.0 = Release|Any CPU
	EndGlobalSection
	GlobalSection(SolutionProperties) = preSolution
		HideSolutionNode = FALSE
	EndGlobalSection
	GlobalSection(ExtensibilityGlobals) = postSolution
		SolutionGuid = {4225C7C5-9935-412B-961F-049CC8CCC99E}
	EndGlobalSection
EndGlobal
