
Microsoft Visual Studio Solution File, Format Version 12.00
# Visual Studio Version 16
VisualStudioVersion = 16.0.32510.428
MinimumVisualStudioVersion = 10.0.40219.1
Project("{FAE04EC0-301F-11D3-BF4B-00C04F79EFBC}") = "Array_Min_Max_Linear_Search", "Array_Min_Max_Linear_Search\Array_Min_Max_Linear_Search.csproj", "{586871D2-6321-48FD-9728-B202FDA9C956}"
EndProject
Global
	GlobalSection(SolutionConfigurationPlatforms) = preSolution
		Debug|Any CPU = Debug|Any CPU
		Release|Any CPU = Release|Any CPU
	EndGlobalSection
	GlobalSection(ProjectConfigurationPlatforms) = postSolution
		{586871D2-6321-48FD-9728-B202FDA9C956}.Debug|Any CPU.ActiveCfg = Debug|Any CPU
		{586871D2-6321-48FD-9728-B202FDA9C956}.Debug|Any CPU.Build.0 = Debug|Any CPU
		{586871D2-6321-48FD-9728-B202FDA9C956}.Release|Any CPU.ActiveCfg = Release|Any CPU
		{586871D2-6321-48FD-9728-B202FDA9C956}.Release|Any CPU.Build.0 = Release|Any CPU
	EndGlobalSection
	GlobalSection(SolutionProperties) = preSolution
		HideSolutionNode = FALSE
	EndGlobalSection
	GlobalSection(ExtensibilityGlobals) = postSolution
		SolutionGuid = {17E31756-B039-46E6-92AD-BD90380BD344}
	EndGlobalSection
EndGlobal
