
Microsoft Visual Studio Solution File, Format Version 12.00
# Visual Studio Version 16
VisualStudioVersion = 16.0.32630.194
MinimumVisualStudioVersion = 10.0.40219.1
Project("{FAE04EC0-301F-11D3-BF4B-00C04F79EFBC}") = "String_Subsequence_Recursive", "String_Subsequence_Recursive\String_Subsequence_Recursive.csproj", "{5B4AE2C6-96C9-4616-AEED-3E81974BB14A}"
EndProject
Global
	GlobalSection(SolutionConfigurationPlatforms) = preSolution
		Debug|Any CPU = Debug|Any CPU
		Release|Any CPU = Release|Any CPU
	EndGlobalSection
	GlobalSection(ProjectConfigurationPlatforms) = postSolution
		{5B4AE2C6-96C9-4616-AEED-3E81974BB14A}.Debug|Any CPU.ActiveCfg = Debug|Any CPU
		{5B4AE2C6-96C9-4616-AEED-3E81974BB14A}.Debug|Any CPU.Build.0 = Debug|Any CPU
		{5B4AE2C6-96C9-4616-AEED-3E81974BB14A}.Release|Any CPU.ActiveCfg = Release|Any CPU
		{5B4AE2C6-96C9-4616-AEED-3E81974BB14A}.Release|Any CPU.Build.0 = Release|Any CPU
	EndGlobalSection
	GlobalSection(SolutionProperties) = preSolution
		HideSolutionNode = FALSE
	EndGlobalSection
	GlobalSection(ExtensibilityGlobals) = postSolution
		SolutionGuid = {CF482A9B-276F-4D09-AEF5-D2F9D761F2FA}
	EndGlobalSection
EndGlobal
