
Microsoft Visual Studio Solution File, Format Version 12.00
# Visual Studio Version 16
VisualStudioVersion = 16.0.32510.428
MinimumVisualStudioVersion = 10.0.40219.1
Project("{FAE04EC0-301F-11D3-BF4B-00C04F79EFBC}") = "Array_Reverse_Recursive", "Array_Reverse_Recursive\Array_Reverse_Recursive.csproj", "{FD07176F-D878-4A94-86DA-0E0016EE85FD}"
EndProject
Global
	GlobalSection(SolutionConfigurationPlatforms) = preSolution
		Debug|Any CPU = Debug|Any CPU
		Release|Any CPU = Release|Any CPU
	EndGlobalSection
	GlobalSection(ProjectConfigurationPlatforms) = postSolution
		{FD07176F-D878-4A94-86DA-0E0016EE85FD}.Debug|Any CPU.ActiveCfg = Debug|Any CPU
		{FD07176F-D878-4A94-86DA-0E0016EE85FD}.Debug|Any CPU.Build.0 = Debug|Any CPU
		{FD07176F-D878-4A94-86DA-0E0016EE85FD}.Release|Any CPU.ActiveCfg = Release|Any CPU
		{FD07176F-D878-4A94-86DA-0E0016EE85FD}.Release|Any CPU.Build.0 = Release|Any CPU
	EndGlobalSection
	GlobalSection(SolutionProperties) = preSolution
		HideSolutionNode = FALSE
	EndGlobalSection
	GlobalSection(ExtensibilityGlobals) = postSolution
		SolutionGuid = {F6FA04FF-24E2-4496-8187-160A101C0053}
	EndGlobalSection
EndGlobal
