
Microsoft Visual Studio Solution File, Format Version 12.00
# Visual Studio 15
VisualStudioVersion = 15.0.28010.2026
MinimumVisualStudioVersion = 10.0.40219.1
Project("{FAE04EC0-301F-11D3-BF4B-00C04F79EFBC}") = "KeyValuePair", "KeyValuePair\KeyValuePair.csproj", "{C23F7A76-D627-4F41-89B0-C471BF385FE0}"
EndProject
Global
	GlobalSection(SolutionConfigurationPlatforms) = preSolution
		Debug|Any CPU = Debug|Any CPU
		Release|Any CPU = Release|Any CPU
	EndGlobalSection
	GlobalSection(ProjectConfigurationPlatforms) = postSolution
		{C23F7A76-D627-4F41-89B0-C471BF385FE0}.Debug|Any CPU.ActiveCfg = Debug|Any CPU
		{C23F7A76-D627-4F41-89B0-C471BF385FE0}.Debug|Any CPU.Build.0 = Debug|Any CPU
		{C23F7A76-D627-4F41-89B0-C471BF385FE0}.Release|Any CPU.ActiveCfg = Release|Any CPU
		{C23F7A76-D627-4F41-89B0-C471BF385FE0}.Release|Any CPU.Build.0 = Release|Any CPU
	EndGlobalSection
	GlobalSection(SolutionProperties) = preSolution
		HideSolutionNode = FALSE
	EndGlobalSection
	GlobalSection(ExtensibilityGlobals) = postSolution
		SolutionGuid = {49936E4A-EA1C-4E21-992A-A1BE5E566E43}
	EndGlobalSection
EndGlobal
