
Microsoft Visual Studio Solution File, Format Version 12.00
# Visual Studio Version 16
VisualStudioVersion = 16.0.32228.343
MinimumVisualStudioVersion = 10.0.40219.1
Project("{FAE04EC0-301F-11D3-BF4B-00C04F79EFBC}") = "BinarySearchTreeMinNode", "BinarySearchTreeMinNode\BinarySearchTreeMinNode.csproj", "{7B32341B-B9E3-44B8-930D-DF2D7CB7586D}"
EndProject
Global
	GlobalSection(SolutionConfigurationPlatforms) = preSolution
		Debug|Any CPU = Debug|Any CPU
		Release|Any CPU = Release|Any CPU
	EndGlobalSection
	GlobalSection(ProjectConfigurationPlatforms) = postSolution
		{7B32341B-B9E3-44B8-930D-DF2D7CB7586D}.Debug|Any CPU.ActiveCfg = Debug|Any CPU
		{7B32341B-B9E3-44B8-930D-DF2D7CB7586D}.Debug|Any CPU.Build.0 = Debug|Any CPU
		{7B32341B-B9E3-44B8-930D-DF2D7CB7586D}.Release|Any CPU.ActiveCfg = Release|Any CPU
		{7B32341B-B9E3-44B8-930D-DF2D7CB7586D}.Release|Any CPU.Build.0 = Release|Any CPU
	EndGlobalSection
	GlobalSection(SolutionProperties) = preSolution
		HideSolutionNode = FALSE
	EndGlobalSection
	GlobalSection(ExtensibilityGlobals) = postSolution
		SolutionGuid = {09C0C0CF-3CEE-487B-AB55-A8CEFBF044C2}
	EndGlobalSection
EndGlobal
