
Microsoft Visual Studio Solution File, Format Version 12.00
# Visual Studio Version 16
VisualStudioVersion = 16.0.32510.428
MinimumVisualStudioVersion = 10.0.40219.1
Project("{FAE04EC0-301F-11D3-BF4B-00C04F79EFBC}") = "Recursion_Power_Of_Number", "Recursion_Power_Of_Number\Recursion_Power_Of_Number.csproj", "{8BE141EE-FEB6-452F-9BD7-6C00A6BFE2B7}"
EndProject
Global
	GlobalSection(SolutionConfigurationPlatforms) = preSolution
		Debug|Any CPU = Debug|Any CPU
		Release|Any CPU = Release|Any CPU
	EndGlobalSection
	GlobalSection(ProjectConfigurationPlatforms) = postSolution
		{8BE141EE-FEB6-452F-9BD7-6C00A6BFE2B7}.Debug|Any CPU.ActiveCfg = Debug|Any CPU
		{8BE141EE-FEB6-452F-9BD7-6C00A6BFE2B7}.Debug|Any CPU.Build.0 = Debug|Any CPU
		{8BE141EE-FEB6-452F-9BD7-6C00A6BFE2B7}.Release|Any CPU.ActiveCfg = Release|Any CPU
		{8BE141EE-FEB6-452F-9BD7-6C00A6BFE2B7}.Release|Any CPU.Build.0 = Release|Any CPU
	EndGlobalSection
	GlobalSection(SolutionProperties) = preSolution
		HideSolutionNode = FALSE
	EndGlobalSection
	GlobalSection(ExtensibilityGlobals) = postSolution
		SolutionGuid = {5042F2D0-22A8-4E0E-86B5-3D06FB20CD84}
	EndGlobalSection
EndGlobal
