
Microsoft Visual Studio Solution File, Format Version 12.00
# Visual Studio Version 16
VisualStudioVersion = 16.0.32228.343
MinimumVisualStudioVersion = 10.0.40219.1
Project("{FAE04EC0-301F-11D3-BF4B-00C04F79EFBC}") = "HeapImplement_Array", "HeapImplement_Array\HeapImplement_Array.csproj", "{93F93D2B-B3C5-4519-8BFB-21E18B77F939}"
EndProject
Global
	GlobalSection(SolutionConfigurationPlatforms) = preSolution
		Debug|Any CPU = Debug|Any CPU
		Release|Any CPU = Release|Any CPU
	EndGlobalSection
	GlobalSection(ProjectConfigurationPlatforms) = postSolution
		{93F93D2B-B3C5-4519-8BFB-21E18B77F939}.Debug|Any CPU.ActiveCfg = Debug|Any CPU
		{93F93D2B-B3C5-4519-8BFB-21E18B77F939}.Debug|Any CPU.Build.0 = Debug|Any CPU
		{93F93D2B-B3C5-4519-8BFB-21E18B77F939}.Release|Any CPU.ActiveCfg = Release|Any CPU
		{93F93D2B-B3C5-4519-8BFB-21E18B77F939}.Release|Any CPU.Build.0 = Release|Any CPU
	EndGlobalSection
	GlobalSection(SolutionProperties) = preSolution
		HideSolutionNode = FALSE
	EndGlobalSection
	GlobalSection(ExtensibilityGlobals) = postSolution
		SolutionGuid = {E6818C9F-C8A5-45BE-93B4-1490AB6B7C6E}
	EndGlobalSection
EndGlobal
