
Microsoft Visual Studio Solution File, Format Version 12.00
# Visual Studio Version 16
VisualStudioVersion = 16.0.32228.343
MinimumVisualStudioVersion = 10.0.40219.1
Project("{FAE04EC0-301F-11D3-BF4B-00C04F79EFBC}") = "ArrayShuffle", "ArrayShuffle\ArrayShuffle.csproj", "{AA296BD3-4AAA-401F-BE3C-ABD60393B1AF}"
EndProject
Global
	GlobalSection(SolutionConfigurationPlatforms) = preSolution
		Debug|Any CPU = Debug|Any CPU
		Release|Any CPU = Release|Any CPU
	EndGlobalSection
	GlobalSection(ProjectConfigurationPlatforms) = postSolution
		{AA296BD3-4AAA-401F-BE3C-ABD60393B1AF}.Debug|Any CPU.ActiveCfg = Debug|Any CPU
		{AA296BD3-4AAA-401F-BE3C-ABD60393B1AF}.Debug|Any CPU.Build.0 = Debug|Any CPU
		{AA296BD3-4AAA-401F-BE3C-ABD60393B1AF}.Release|Any CPU.ActiveCfg = Release|Any CPU
		{AA296BD3-4AAA-401F-BE3C-ABD60393B1AF}.Release|Any CPU.Build.0 = Release|Any CPU
	EndGlobalSection
	GlobalSection(SolutionProperties) = preSolution
		HideSolutionNode = FALSE
	EndGlobalSection
	GlobalSection(ExtensibilityGlobals) = postSolution
		SolutionGuid = {665B198B-CBEE-4A5D-9EAE-C5AD34D1D581}
	EndGlobalSection
EndGlobal
