
Microsoft Visual Studio Solution File, Format Version 12.00
# Visual Studio Version 16
VisualStudioVersion = 16.0.32510.428
MinimumVisualStudioVersion = 10.0.40219.1
Project("{FAE04EC0-301F-11D3-BF4B-00C04F79EFBC}") = "CharacterOccurence", "CharacterOccurence\CharacterOccurence.csproj", "{DF164499-7689-4CB7-883D-7146C1592F8B}"
EndProject
Global
	GlobalSection(SolutionConfigurationPlatforms) = preSolution
		Debug|Any CPU = Debug|Any CPU
		Release|Any CPU = Release|Any CPU
	EndGlobalSection
	GlobalSection(ProjectConfigurationPlatforms) = postSolution
		{DF164499-7689-4CB7-883D-7146C1592F8B}.Debug|Any CPU.ActiveCfg = Debug|Any CPU
		{DF164499-7689-4CB7-883D-7146C1592F8B}.Debug|Any CPU.Build.0 = Debug|Any CPU
		{DF164499-7689-4CB7-883D-7146C1592F8B}.Release|Any CPU.ActiveCfg = Release|Any CPU
		{DF164499-7689-4CB7-883D-7146C1592F8B}.Release|Any CPU.Build.0 = Release|Any CPU
	EndGlobalSection
	GlobalSection(SolutionProperties) = preSolution
		HideSolutionNode = FALSE
	EndGlobalSection
	GlobalSection(ExtensibilityGlobals) = postSolution
		SolutionGuid = {209C184C-76FF-43D1-87C2-205F7ECC4FAB}
	EndGlobalSection
EndGlobal
