
Microsoft Visual Studio Solution File, Format Version 12.00
# Visual Studio Version 16
VisualStudioVersion = 16.0.31005.135
MinimumVisualStudioVersion = 10.0.40219.1
Project("{FAE04EC0-301F-11D3-BF4B-00C04F79EFBC}") = "PrimsMSTGreedyAlgorithm", "PrimsMSTGreedyAlgorithm.csproj", "{C2D4FBA3-BDF0-4EB1-87CF-4B01783E7273}"
EndProject
Global
	GlobalSection(SolutionConfigurationPlatforms) = preSolution
		Debug|Any CPU = Debug|Any CPU
		Release|Any CPU = Release|Any CPU
	EndGlobalSection
	GlobalSection(ProjectConfigurationPlatforms) = postSolution
		{C2D4FBA3-BDF0-4EB1-87CF-4B01783E7273}.Debug|Any CPU.ActiveCfg = Debug|Any CPU
		{C2D4FBA3-BDF0-4EB1-87CF-4B01783E7273}.Debug|Any CPU.Build.0 = Debug|Any CPU
		{C2D4FBA3-BDF0-4EB1-87CF-4B01783E7273}.Release|Any CPU.ActiveCfg = Release|Any CPU
		{C2D4FBA3-BDF0-4EB1-87CF-4B01783E7273}.Release|Any CPU.Build.0 = Release|Any CPU
	EndGlobalSection
	GlobalSection(SolutionProperties) = preSolution
		HideSolutionNode = FALSE
	EndGlobalSection
	GlobalSection(ExtensibilityGlobals) = postSolution
		SolutionGuid = {314257E1-75C3-40F3-88C9-BD69DA0726DE}
	EndGlobalSection
EndGlobal
