
Microsoft Visual Studio Solution File, Format Version 12.00
# Visual Studio Version 16
VisualStudioVersion = 16.0.31005.135
MinimumVisualStudioVersion = 10.0.40219.1
Project("{FAE04EC0-301F-11D3-BF4B-00C04F79EFBC}") = "LinkedListImplementation", "LinkedListImplementation.csproj", "{021C93CA-99F8-4D5B-A4F2-59151A3557ED}"
EndProject
Global
	GlobalSection(SolutionConfigurationPlatforms) = preSolution
		Debug|Any CPU = Debug|Any CPU
		Release|Any CPU = Release|Any CPU
	EndGlobalSection
	GlobalSection(ProjectConfigurationPlatforms) = postSolution
		{021C93CA-99F8-4D5B-A4F2-59151A3557ED}.Debug|Any CPU.ActiveCfg = Debug|Any CPU
		{021C93CA-99F8-4D5B-A4F2-59151A3557ED}.Debug|Any CPU.Build.0 = Debug|Any CPU
		{021C93CA-99F8-4D5B-A4F2-59151A3557ED}.Release|Any CPU.ActiveCfg = Release|Any CPU
		{021C93CA-99F8-4D5B-A4F2-59151A3557ED}.Release|Any CPU.Build.0 = Release|Any CPU
	EndGlobalSection
	GlobalSection(SolutionProperties) = preSolution
		HideSolutionNode = FALSE
	EndGlobalSection
	GlobalSection(ExtensibilityGlobals) = postSolution
		SolutionGuid = {246FD930-96CC-4A5D-8D5B-AFC543624805}
	EndGlobalSection
EndGlobal
