
Microsoft Visual Studio Solution File, Format Version 12.00
# Visual Studio Version 17
VisualStudioVersion = 17.4.33122.133
MinimumVisualStudioVersion = 10.0.40219.1
Project("{FAE04EC0-301F-11D3-BF4B-00C04F79EFBC}") = "Array_Wave_Form", "Array_Wave_Form\Array_Wave_Form.csproj", "{8BA2A830-E1D2-4ADC-861F-7330AFD49767}"
EndProject
Global
	GlobalSection(SolutionConfigurationPlatforms) = preSolution
		Debug|Any CPU = Debug|Any CPU
		Release|Any CPU = Release|Any CPU
	EndGlobalSection
	GlobalSection(ProjectConfigurationPlatforms) = postSolution
		{8BA2A830-E1D2-4ADC-861F-7330AFD49767}.Debug|Any CPU.ActiveCfg = Debug|Any CPU
		{8BA2A830-E1D2-4ADC-861F-7330AFD49767}.Debug|Any CPU.Build.0 = Debug|Any CPU
		{8BA2A830-E1D2-4ADC-861F-7330AFD49767}.Release|Any CPU.ActiveCfg = Release|Any CPU
		{8BA2A830-E1D2-4ADC-861F-7330AFD49767}.Release|Any CPU.Build.0 = Release|Any CPU
	EndGlobalSection
	GlobalSection(SolutionProperties) = preSolution
		HideSolutionNode = FALSE
	EndGlobalSection
	GlobalSection(ExtensibilityGlobals) = postSolution
		SolutionGuid = {10102FF4-8378-48B2-B9CF-DBFB38D570E6}
	EndGlobalSection
EndGlobal
