
Microsoft Visual Studio Solution File, Format Version 12.00
# Visual Studio 15
VisualStudioVersion = 15.0.28010.2026
MinimumVisualStudioVersion = 10.0.40219.1
Project("{FAE04EC0-301F-11D3-BF4B-00C04F79EFBC}") = "LongestPath1", "LongestPath1\LongestPath1.csproj", "{29B73030-DF0C-4983-8F0C-7AB81F2EC074}"
EndProject
Global
	GlobalSection(SolutionConfigurationPlatforms) = preSolution
		Debug|Any CPU = Debug|Any CPU
		Release|Any CPU = Release|Any CPU
	EndGlobalSection
	GlobalSection(ProjectConfigurationPlatforms) = postSolution
		{29B73030-DF0C-4983-8F0C-7AB81F2EC074}.Debug|Any CPU.ActiveCfg = Debug|Any CPU
		{29B73030-DF0C-4983-8F0C-7AB81F2EC074}.Debug|Any CPU.Build.0 = Debug|Any CPU
		{29B73030-DF0C-4983-8F0C-7AB81F2EC074}.Release|Any CPU.ActiveCfg = Release|Any CPU
		{29B73030-DF0C-4983-8F0C-7AB81F2EC074}.Release|Any CPU.Build.0 = Release|Any CPU
	EndGlobalSection
	GlobalSection(SolutionProperties) = preSolution
		HideSolutionNode = FALSE
	EndGlobalSection
	GlobalSection(ExtensibilityGlobals) = postSolution
		SolutionGuid = {845811EA-FAED-40F7-9892-CB1D8A28789E}
	EndGlobalSection
EndGlobal
