
Microsoft Visual Studio Solution File, Format Version 12.00
# Visual Studio 15
VisualStudioVersion = 15.0.28010.2046
MinimumVisualStudioVersion = 10.0.40219.1
Project("{FAE04EC0-301F-11D3-BF4B-00C04F79EFBC}") = "stack1", "stack1\stack1.csproj", "{72097099-FA66-4760-B09F-1FB7F0E7759D}"
EndProject
Global
	GlobalSection(SolutionConfigurationPlatforms) = preSolution
		Debug|Any CPU = Debug|Any CPU
		Release|Any CPU = Release|Any CPU
	EndGlobalSection
	GlobalSection(ProjectConfigurationPlatforms) = postSolution
		{72097099-FA66-4760-B09F-1FB7F0E7759D}.Debug|Any CPU.ActiveCfg = Debug|Any CPU
		{72097099-FA66-4760-B09F-1FB7F0E7759D}.Debug|Any CPU.Build.0 = Debug|Any CPU
		{72097099-FA66-4760-B09F-1FB7F0E7759D}.Release|Any CPU.ActiveCfg = Release|Any CPU
		{72097099-FA66-4760-B09F-1FB7F0E7759D}.Release|Any CPU.Build.0 = Release|Any CPU
	EndGlobalSection
	GlobalSection(SolutionProperties) = preSolution
		HideSolutionNode = FALSE
	EndGlobalSection
	GlobalSection(ExtensibilityGlobals) = postSolution
		SolutionGuid = {CECF3F26-AC74-4A47-9D36-B94C4437A6A2}
	EndGlobalSection
EndGlobal
