
Microsoft Visual Studio Solution File, Format Version 12.00
# Visual Studio Version 16
VisualStudioVersion = 16.0.32228.343
MinimumVisualStudioVersion = 10.0.40219.1
Project("{FAE04EC0-301F-11D3-BF4B-00C04F79EFBC}") = "HeapMaxHeapToMinHeap", "HeapMaxHeapToMinHeap\HeapMaxHeapToMinHeap.csproj", "{D7BC073B-A2DD-42FB-9743-48E4DD38CF9B}"
EndProject
Global
	GlobalSection(SolutionConfigurationPlatforms) = preSolution
		Debug|Any CPU = Debug|Any CPU
		Release|Any CPU = Release|Any CPU
	EndGlobalSection
	GlobalSection(ProjectConfigurationPlatforms) = postSolution
		{D7BC073B-A2DD-42FB-9743-48E4DD38CF9B}.Debug|Any CPU.ActiveCfg = Debug|Any CPU
		{D7BC073B-A2DD-42FB-9743-48E4DD38CF9B}.Debug|Any CPU.Build.0 = Debug|Any CPU
		{D7BC073B-A2DD-42FB-9743-48E4DD38CF9B}.Release|Any CPU.ActiveCfg = Release|Any CPU
		{D7BC073B-A2DD-42FB-9743-48E4DD38CF9B}.Release|Any CPU.Build.0 = Release|Any CPU
	EndGlobalSection
	GlobalSection(SolutionProperties) = preSolution
		HideSolutionNode = FALSE
	EndGlobalSection
	GlobalSection(ExtensibilityGlobals) = postSolution
		SolutionGuid = {C2A78B24-1B32-4134-8E51-6BBDA056EB9D}
	EndGlobalSection
EndGlobal
