
Microsoft Visual Studio Solution File, Format Version 12.00
# Visual Studio Version 16
VisualStudioVersion = 16.0.32510.428
MinimumVisualStudioVersion = 10.0.40219.1
Project("{FAE04EC0-301F-11D3-BF4B-00C04F79EFBC}") = "Matrix_Row_Maximum1s", "Matrix_Row_Maximum1s\Matrix_Row_Maximum1s.csproj", "{5E7A53E8-700B-47A8-9F4F-E735B71624C8}"
EndProject
Global
	GlobalSection(SolutionConfigurationPlatforms) = preSolution
		Debug|Any CPU = Debug|Any CPU
		Release|Any CPU = Release|Any CPU
	EndGlobalSection
	GlobalSection(ProjectConfigurationPlatforms) = postSolution
		{5E7A53E8-700B-47A8-9F4F-E735B71624C8}.Debug|Any CPU.ActiveCfg = Debug|Any CPU
		{5E7A53E8-700B-47A8-9F4F-E735B71624C8}.Debug|Any CPU.Build.0 = Debug|Any CPU
		{5E7A53E8-700B-47A8-9F4F-E735B71624C8}.Release|Any CPU.ActiveCfg = Release|Any CPU
		{5E7A53E8-700B-47A8-9F4F-E735B71624C8}.Release|Any CPU.Build.0 = Release|Any CPU
	EndGlobalSection
	GlobalSection(SolutionProperties) = preSolution
		HideSolutionNode = FALSE
	EndGlobalSection
	GlobalSection(ExtensibilityGlobals) = postSolution
		SolutionGuid = {4518E0AE-8B4D-4DF3-A4EE-9BA413EC6F47}
	EndGlobalSection
EndGlobal
