
Microsoft Visual Studio Solution File, Format Version 12.00
# Visual Studio 15
VisualStudioVersion = 15.0.28010.2026
MinimumVisualStudioVersion = 10.0.40219.1
Project("{FAE04EC0-301F-11D3-BF4B-00C04F79EFBC}") = "Zig Zag", "Zig Zag\Zig Zag.csproj", "{421240A4-FE84-4FD7-96AB-65D7492BD608}"
EndProject
Global
	GlobalSection(SolutionConfigurationPlatforms) = preSolution
		Debug|Any CPU = Debug|Any CPU
		Release|Any CPU = Release|Any CPU
	EndGlobalSection
	GlobalSection(ProjectConfigurationPlatforms) = postSolution
		{421240A4-FE84-4FD7-96AB-65D7492BD608}.Debug|Any CPU.ActiveCfg = Debug|Any CPU
		{421240A4-FE84-4FD7-96AB-65D7492BD608}.Debug|Any CPU.Build.0 = Debug|Any CPU
		{421240A4-FE84-4FD7-96AB-65D7492BD608}.Release|Any CPU.ActiveCfg = Release|Any CPU
		{421240A4-FE84-4FD7-96AB-65D7492BD608}.Release|Any CPU.Build.0 = Release|Any CPU
	EndGlobalSection
	GlobalSection(SolutionProperties) = preSolution
		HideSolutionNode = FALSE
	EndGlobalSection
	GlobalSection(ExtensibilityGlobals) = postSolution
		SolutionGuid = {6984B13D-D3A1-42A2-B496-8CE0D9473BCC}
	EndGlobalSection
EndGlobal
