
Microsoft Visual Studio Solution File, Format Version 12.00
# Visual Studio Version 16
VisualStudioVersion = 16.0.31005.135
MinimumVisualStudioVersion = 10.0.40219.1
Project("{FAE04EC0-301F-11D3-BF4B-00C04F79EFBC}") = "DictionaryExample", "DictionaryExample.csproj", "{42AB6A8B-9813-466C-BFC7-1A0272720687}"
EndProject
Global
	GlobalSection(SolutionConfigurationPlatforms) = preSolution
		Debug|Any CPU = Debug|Any CPU
		Release|Any CPU = Release|Any CPU
	EndGlobalSection
	GlobalSection(ProjectConfigurationPlatforms) = postSolution
		{42AB6A8B-9813-466C-BFC7-1A0272720687}.Debug|Any CPU.ActiveCfg = Debug|Any CPU
		{42AB6A8B-9813-466C-BFC7-1A0272720687}.Debug|Any CPU.Build.0 = Debug|Any CPU
		{42AB6A8B-9813-466C-BFC7-1A0272720687}.Release|Any CPU.ActiveCfg = Release|Any CPU
		{42AB6A8B-9813-466C-BFC7-1A0272720687}.Release|Any CPU.Build.0 = Release|Any CPU
	EndGlobalSection
	GlobalSection(SolutionProperties) = preSolution
		HideSolutionNode = FALSE
	EndGlobalSection
	GlobalSection(ExtensibilityGlobals) = postSolution
		SolutionGuid = {09780FE6-AD89-4D72-9C6F-7A9D913E496A}
	EndGlobalSection
EndGlobal
