
Microsoft Visual Studio Solution File, Format Version 12.00
# Visual Studio 15
VisualStudioVersion = 15.0.28010.2026
MinimumVisualStudioVersion = 10.0.40219.1
Project("{FAE04EC0-301F-11D3-BF4B-00C04F79EFBC}") = "SortedDictionary1", "SortedDictionary1\SortedDictionary1.csproj", "{5608FD97-1077-4A90-ADF8-53C1BAE355CB}"
EndProject
Global
	GlobalSection(SolutionConfigurationPlatforms) = preSolution
		Debug|Any CPU = Debug|Any CPU
		Release|Any CPU = Release|Any CPU
	EndGlobalSection
	GlobalSection(ProjectConfigurationPlatforms) = postSolution
		{5608FD97-1077-4A90-ADF8-53C1BAE355CB}.Debug|Any CPU.ActiveCfg = Debug|Any CPU
		{5608FD97-1077-4A90-ADF8-53C1BAE355CB}.Debug|Any CPU.Build.0 = Debug|Any CPU
		{5608FD97-1077-4A90-ADF8-53C1BAE355CB}.Release|Any CPU.ActiveCfg = Release|Any CPU
		{5608FD97-1077-4A90-ADF8-53C1BAE355CB}.Release|Any CPU.Build.0 = Release|Any CPU
	EndGlobalSection
	GlobalSection(SolutionProperties) = preSolution
		HideSolutionNode = FALSE
	EndGlobalSection
	GlobalSection(ExtensibilityGlobals) = postSolution
		SolutionGuid = {32D7EB8A-8E48-4A56-A570-1177A11296B6}
	EndGlobalSection
EndGlobal
