
Microsoft Visual Studio Solution File, Format Version 12.00
# Visual Studio Version 17
VisualStudioVersion = 17.4.33122.133
MinimumVisualStudioVersion = 10.0.40219.1
Project("{FAE04EC0-301F-11D3-BF4B-00C04F79EFBC}") = "Array_Rotate_K_Positions", "Array_Rotate_K_Positions\Array_Rotate_K_Positions.csproj", "{FCB1A774-5772-403E-B1CB-1CD84B311F79}"
EndProject
Global
	GlobalSection(SolutionConfigurationPlatforms) = preSolution
		Debug|Any CPU = Debug|Any CPU
		Release|Any CPU = Release|Any CPU
	EndGlobalSection
	GlobalSection(ProjectConfigurationPlatforms) = postSolution
		{FCB1A774-5772-403E-B1CB-1CD84B311F79}.Debug|Any CPU.ActiveCfg = Debug|Any CPU
		{FCB1A774-5772-403E-B1CB-1CD84B311F79}.Debug|Any CPU.Build.0 = Debug|Any CPU
		{FCB1A774-5772-403E-B1CB-1CD84B311F79}.Release|Any CPU.ActiveCfg = Release|Any CPU
		{FCB1A774-5772-403E-B1CB-1CD84B311F79}.Release|Any CPU.Build.0 = Release|Any CPU
	EndGlobalSection
	GlobalSection(SolutionProperties) = preSolution
		HideSolutionNode = FALSE
	EndGlobalSection
	GlobalSection(ExtensibilityGlobals) = postSolution
		SolutionGuid = {F8268EBD-56B2-4D52-829D-7B8E0D4B0659}
	EndGlobalSection
EndGlobal
