
Microsoft Visual Studio Solution File, Format Version 12.00
# Visual Studio 15
VisualStudioVersion = 15.0.28010.2026
MinimumVisualStudioVersion = 10.0.40219.1
Project("{FAE04EC0-301F-11D3-BF4B-00C04F79EFBC}") = "FloydWarshallAlgorithm", "FloydWarshallAlgorithm\FloydWarshallAlgorithm.csproj", "{D7E1DC78-7863-483E-80A0-71D35AE3D0C0}"
EndProject
Global
	GlobalSection(SolutionConfigurationPlatforms) = preSolution
		Debug|Any CPU = Debug|Any CPU
		Release|Any CPU = Release|Any CPU
	EndGlobalSection
	GlobalSection(ProjectConfigurationPlatforms) = postSolution
		{D7E1DC78-7863-483E-80A0-71D35AE3D0C0}.Debug|Any CPU.ActiveCfg = Debug|Any CPU
		{D7E1DC78-7863-483E-80A0-71D35AE3D0C0}.Debug|Any CPU.Build.0 = Debug|Any CPU
		{D7E1DC78-7863-483E-80A0-71D35AE3D0C0}.Release|Any CPU.ActiveCfg = Release|Any CPU
		{D7E1DC78-7863-483E-80A0-71D35AE3D0C0}.Release|Any CPU.Build.0 = Release|Any CPU
	EndGlobalSection
	GlobalSection(SolutionProperties) = preSolution
		HideSolutionNode = FALSE
	EndGlobalSection
	GlobalSection(ExtensibilityGlobals) = postSolution
		SolutionGuid = {707D2A84-904B-45D8-A20E-B7BD02D8995B}
	EndGlobalSection
EndGlobal
