
Microsoft Visual Studio Solution File, Format Version 12.00
# Visual Studio Version 16
VisualStudioVersion = 16.0.32510.428
MinimumVisualStudioVersion = 10.0.40219.1
Project("{FAE04EC0-301F-11D3-BF4B-00C04F79EFBC}") = "Array_Min_Max_Divide_Array_Recursion", "Array_Min_Max_Divide_Array_Recursion\Array_Min_Max_Divide_Array_Recursion.csproj", "{D5828179-A1CB-4F39-903F-2B60E0EAD465}"
EndProject
Global
	GlobalSection(SolutionConfigurationPlatforms) = preSolution
		Debug|Any CPU = Debug|Any CPU
		Release|Any CPU = Release|Any CPU
	EndGlobalSection
	GlobalSection(ProjectConfigurationPlatforms) = postSolution
		{D5828179-A1CB-4F39-903F-2B60E0EAD465}.Debug|Any CPU.ActiveCfg = Debug|Any CPU
		{D5828179-A1CB-4F39-903F-2B60E0EAD465}.Debug|Any CPU.Build.0 = Debug|Any CPU
		{D5828179-A1CB-4F39-903F-2B60E0EAD465}.Release|Any CPU.ActiveCfg = Release|Any CPU
		{D5828179-A1CB-4F39-903F-2B60E0EAD465}.Release|Any CPU.Build.0 = Release|Any CPU
	EndGlobalSection
	GlobalSection(SolutionProperties) = preSolution
		HideSolutionNode = FALSE
	EndGlobalSection
	GlobalSection(ExtensibilityGlobals) = postSolution
		SolutionGuid = {A2D4BA7B-965C-49A2-9D8A-8DF92E8BD752}
	EndGlobalSection
EndGlobal
