
Microsoft Visual Studio Solution File, Format Version 12.00
# Visual Studio Version 16
VisualStudioVersion = 16.0.32228.343
MinimumVisualStudioVersion = 10.0.40219.1
Project("{FAE04EC0-301F-11D3-BF4B-00C04F79EFBC}") = "LinkedListReversal", "LinkedListReversal\LinkedListReversal.csproj", "{434A129E-C05B-4CC8-A21E-198DF30148FF}"
EndProject
Global
	GlobalSection(SolutionConfigurationPlatforms) = preSolution
		Debug|Any CPU = Debug|Any CPU
		Release|Any CPU = Release|Any CPU
	EndGlobalSection
	GlobalSection(ProjectConfigurationPlatforms) = postSolution
		{434A129E-C05B-4CC8-A21E-198DF30148FF}.Debug|Any CPU.ActiveCfg = Debug|Any CPU
		{434A129E-C05B-4CC8-A21E-198DF30148FF}.Debug|Any CPU.Build.0 = Debug|Any CPU
		{434A129E-C05B-4CC8-A21E-198DF30148FF}.Release|Any CPU.ActiveCfg = Release|Any CPU
		{434A129E-C05B-4CC8-A21E-198DF30148FF}.Release|Any CPU.Build.0 = Release|Any CPU
	EndGlobalSection
	GlobalSection(SolutionProperties) = preSolution
		HideSolutionNode = FALSE
	EndGlobalSection
	GlobalSection(ExtensibilityGlobals) = postSolution
		SolutionGuid = {B6BFBE89-9EE6-41CF-85DF-1B27EDDCB10E}
	EndGlobalSection
EndGlobal
