
Microsoft Visual Studio Solution File, Format Version 12.00
# Visual Studio 15
VisualStudioVersion = 15.0.28010.2046
MinimumVisualStudioVersion = 10.0.40219.1
Project("{FAE04EC0-301F-11D3-BF4B-00C04F79EFBC}") = "PriorityQueue", "PriorityQueue\PriorityQueue.csproj", "{D8359C0F-E836-451D-933A-A9EDD0D08877}"
EndProject
Global
	GlobalSection(SolutionConfigurationPlatforms) = preSolution
		Debug|Any CPU = Debug|Any CPU
		Release|Any CPU = Release|Any CPU
	EndGlobalSection
	GlobalSection(ProjectConfigurationPlatforms) = postSolution
		{D8359C0F-E836-451D-933A-A9EDD0D08877}.Debug|Any CPU.ActiveCfg = Debug|Any CPU
		{D8359C0F-E836-451D-933A-A9EDD0D08877}.Debug|Any CPU.Build.0 = Debug|Any CPU
		{D8359C0F-E836-451D-933A-A9EDD0D08877}.Release|Any CPU.ActiveCfg = Release|Any CPU
		{D8359C0F-E836-451D-933A-A9EDD0D08877}.Release|Any CPU.Build.0 = Release|Any CPU
	EndGlobalSection
	GlobalSection(SolutionProperties) = preSolution
		HideSolutionNode = FALSE
	EndGlobalSection
	GlobalSection(ExtensibilityGlobals) = postSolution
		SolutionGuid = {A476D55E-DE54-4569-8C1D-C1F13012D9E1}
	EndGlobalSection
EndGlobal
