
Microsoft Visual Studio Solution File, Format Version 12.00
# Visual Studio Version 16
VisualStudioVersion = 16.0.32510.428
MinimumVisualStudioVersion = 10.0.40219.1
Project("{FAE04EC0-301F-11D3-BF4B-00C04F79EFBC}") = "Recursion_Sum_Of_N_Natural_Numbers", "Recursion_Sum_Of_N_Natural_Numbers\Recursion_Sum_Of_N_Natural_Numbers.csproj", "{3C11ED54-D0CC-4394-8539-987918D804D7}"
EndProject
Global
	GlobalSection(SolutionConfigurationPlatforms) = preSolution
		Debug|Any CPU = Debug|Any CPU
		Release|Any CPU = Release|Any CPU
	EndGlobalSection
	GlobalSection(ProjectConfigurationPlatforms) = postSolution
		{3C11ED54-D0CC-4394-8539-987918D804D7}.Debug|Any CPU.ActiveCfg = Debug|Any CPU
		{3C11ED54-D0CC-4394-8539-987918D804D7}.Debug|Any CPU.Build.0 = Debug|Any CPU
		{3C11ED54-D0CC-4394-8539-987918D804D7}.Release|Any CPU.ActiveCfg = Release|Any CPU
		{3C11ED54-D0CC-4394-8539-987918D804D7}.Release|Any CPU.Build.0 = Release|Any CPU
	EndGlobalSection
	GlobalSection(SolutionProperties) = preSolution
		HideSolutionNode = FALSE
	EndGlobalSection
	GlobalSection(ExtensibilityGlobals) = postSolution
		SolutionGuid = {2BDBC735-5079-45EC-BF98-47A5DC5DD971}
	EndGlobalSection
EndGlobal
