
Microsoft Visual Studio Solution File, Format Version 12.00
# Visual Studio Version 16
VisualStudioVersion = 16.0.32510.428
MinimumVisualStudioVersion = 10.0.40219.1
Project("{FAE04EC0-301F-11D3-BF4B-00C04F79EFBC}") = "Recursion_Permutation_Of_Array", "Recursion_Permutation_Of_Array\Recursion_Permutation_Of_Array.csproj", "{916F8FF7-3503-4F9C-AAB5-01287309488B}"
EndProject
Global
	GlobalSection(SolutionConfigurationPlatforms) = preSolution
		Debug|Any CPU = Debug|Any CPU
		Release|Any CPU = Release|Any CPU
	EndGlobalSection
	GlobalSection(ProjectConfigurationPlatforms) = postSolution
		{916F8FF7-3503-4F9C-AAB5-01287309488B}.Debug|Any CPU.ActiveCfg = Debug|Any CPU
		{916F8FF7-3503-4F9C-AAB5-01287309488B}.Debug|Any CPU.Build.0 = Debug|Any CPU
		{916F8FF7-3503-4F9C-AAB5-01287309488B}.Release|Any CPU.ActiveCfg = Release|Any CPU
		{916F8FF7-3503-4F9C-AAB5-01287309488B}.Release|Any CPU.Build.0 = Release|Any CPU
	EndGlobalSection
	GlobalSection(SolutionProperties) = preSolution
		HideSolutionNode = FALSE
	EndGlobalSection
	GlobalSection(ExtensibilityGlobals) = postSolution
		SolutionGuid = {25B1FA0D-8AE5-475D-A660-3113BD1CDD17}
	EndGlobalSection
EndGlobal
