
Microsoft Visual Studio Solution File, Format Version 12.00
# Visual Studio Version 17
VisualStudioVersion = 17.4.33122.133
MinimumVisualStudioVersion = 10.0.40219.1
Project("{FAE04EC0-301F-11D3-BF4B-00C04F79EFBC}") = "IndexArray_0_N-1", "IndexArray_0_N-1\IndexArray_0_N-1.csproj", "{A9AD24CB-D62F-4544-AA00-F9FA50F991FA}"
EndProject
Global
	GlobalSection(SolutionConfigurationPlatforms) = preSolution
		Debug|Any CPU = Debug|Any CPU
		Release|Any CPU = Release|Any CPU
	EndGlobalSection
	GlobalSection(ProjectConfigurationPlatforms) = postSolution
		{A9AD24CB-D62F-4544-AA00-F9FA50F991FA}.Debug|Any CPU.ActiveCfg = Debug|Any CPU
		{A9AD24CB-D62F-4544-AA00-F9FA50F991FA}.Debug|Any CPU.Build.0 = Debug|Any CPU
		{A9AD24CB-D62F-4544-AA00-F9FA50F991FA}.Release|Any CPU.ActiveCfg = Release|Any CPU
		{A9AD24CB-D62F-4544-AA00-F9FA50F991FA}.Release|Any CPU.Build.0 = Release|Any CPU
	EndGlobalSection
	GlobalSection(SolutionProperties) = preSolution
		HideSolutionNode = FALSE
	EndGlobalSection
	GlobalSection(ExtensibilityGlobals) = postSolution
		SolutionGuid = {21C1940E-311E-4BA5-9BDB-A8678826AC6C}
	EndGlobalSection
EndGlobal
